
Microsoft Visual Studio Solution File, Format Version 12.00
# Visual Studio Version 17
VisualStudioVersion = 17.4.33213.308
MinimumVisualStudioVersion = 10.0.40219.1
Project("{FAE04EC0-301F-11D3-BF4B-00C04F79EFBC}") = "Restaurant", "Restaurant\Restaurant.csproj", "{CDE4B0B9-D7B9-4B90-9B34-9697629FAB6E}"
EndProject
Global
	GlobalSection(SolutionConfigurationPlatforms) = preSolution
		Debug|Any CPU = Debug|Any CPU
		Release|Any CPU = Release|Any CPU
	EndGlobalSection
	GlobalSection(ProjectConfigurationPlatforms) = postSolution
		{CDE4B0B9-D7B9-4B90-9B34-9697629FAB6E}.Debug|Any CPU.ActiveCfg = Debug|Any CPU
		{CDE4B0B9-D7B9-4B90-9B34-9697629FAB6E}.Debug|Any CPU.Build.0 = Debug|Any CPU
		{CDE4B0B9-D7B9-4B90-9B34-9697629FAB6E}.Release|Any CPU.ActiveCfg = Release|Any CPU
		{CDE4B0B9-D7B9-4B90-9B34-9697629FAB6E}.Release|Any CPU.Build.0 = Release|Any CPU
	EndGlobalSection
	GlobalSection(SolutionProperties) = preSolution
		HideSolutionNode = FALSE
	EndGlobalSection
	GlobalSection(ExtensibilityGlobals) = postSolution
		SolutionGuid = {909F5EAF-5E05-49D5-B2DF-523568D1C462}
	EndGlobalSection
EndGlobal
